{
  "name": "test-project",
  "version": "1.0.0",
  "lockfileVersion": 3,
  "requires": true,
  "packages": {
    "": {
      "name": "test-project",
      "version": "1.0.0",
      "license": "ISC",
      "dependencies": {
        "capitalize-sentence": "^1.0.0"
      }
    },
    "node_modules/capitalize-sentence": {
      "version": "1.0.0",
      "resolved": "https://registry.npmjs.org/capitalize-sentence/-/capitalize-sentence-1.0.0.tgz",
      "integrity": "sha512-srssA1fThs/o7H2XqRSvMNWHmBbdqSmWQ2wlwtCMuh579irEllvxdyQqptd1LvkcQrCDqrNaAFXrnAuXDZh5Fg==",
      "license": "ISC"
    }
  }
}
